
Microsoft Visual Studio Solution File, Format Version 12.00
# Visual Studio Version 17
VisualStudioVersion = 17.2.32616.157
MinimumVisualStudioVersion = 10.0.40219.1
Project("{9A19103F-16F7-4668-BE54-9A1E7A4F7556}") = "metmoitime", "metmoitime\metmoitime.csproj", "{EF54967B-A77F-41F2-8553-901EB3D44CAC}"
EndProject
Project("{E53339B2-1760-4266-BCC7-CA923CBCF16C}") = "docker-compose", "docker-compose.dcproj", "{68DB45D3-D8AA-4BD3-B547-6D81FC3B6CF8}"
EndProject
Global
	GlobalSection(SolutionConfigurationPlatforms) = preSolution
		Debug|Any CPU = Debug|Any CPU
		Release|Any CPU = Release|Any CPU
	EndGlobalSection
	GlobalSection(ProjectConfigurationPlatforms) = postSolution
		{EF54967B-A77F-41F2-8553-901EB3D44CAC}.Debug|Any CPU.ActiveCfg = Debug|Any CPU
		{EF54967B-A77F-41F2-8553-901EB3D44CAC}.Debug|Any CPU.Build.0 = Debug|Any CPU
		{EF54967B-A77F-41F2-8553-901EB3D44CAC}.Release|Any CPU.ActiveCfg = Release|Any CPU
		{EF54967B-A77F-41F2-8553-901EB3D44CAC}.Release|Any CPU.Build.0 = Release|Any CPU
		{68DB45D3-D8AA-4BD3-B547-6D81FC3B6CF8}.Debug|Any CPU.ActiveCfg = Debug|Any CPU
		{68DB45D3-D8AA-4BD3-B547-6D81FC3B6CF8}.Debug|Any CPU.Build.0 = Debug|Any CPU
		{68DB45D3-D8AA-4BD3-B547-6D81FC3B6CF8}.Release|Any CPU.ActiveCfg = Release|Any CPU
		{68DB45D3-D8AA-4BD3-B547-6D81FC3B6CF8}.Release|Any CPU.Build.0 = Release|Any CPU
	EndGlobalSection
	GlobalSection(SolutionProperties) = preSolution
		HideSolutionNode = FALSE
	EndGlobalSection
	GlobalSection(ExtensibilityGlobals) = postSolution
		SolutionGuid = {44C7F4D8-44C5-4ED0-96C4-E4DC8C67C6E7}
	EndGlobalSection
EndGlobal
